
Microsoft Visual Studio Solution File, Format Version 12.00
# Visual Studio Version 17
VisualStudioVersion = 17.0.31903.59
MinimumVisualStudioVersion = 10.0.40219.1
Project("{2150E333-8FDC-42A3-9474-1A3956D46DE8}") = "Tests", "Tests", "{02EA681E-C7D8-13C7-8484-4AC65E1B71E8}"
EndProject
Project("{FAE04EC0-301F-11D3-BF4B-00C04F79EFBC}") = "FxResults", "FxResults.csproj", "{F37BCB82-2BFB-DB33-94FF-C4F05004101F}"
EndProject
Project("{FAE04EC0-301F-11D3-BF4B-00C04F79EFBC}") = "FxResults.UnitTest", "..\Tests\FxResults.UnitTest\FxResults.UnitTest.csproj", "{3E6F3C66-1A68-1C22-80C5-671E254A6E72}"
EndProject
Global
	GlobalSection(SolutionConfigurationPlatforms) = preSolution
		Debug|Any CPU = Debug|Any CPU
		Release|Any CPU = Release|Any CPU
	EndGlobalSection
	GlobalSection(ProjectConfigurationPlatforms) = postSolution
		{F37BCB82-2BFB-DB33-94FF-C4F05004101F}.Debug|Any CPU.ActiveCfg = Debug|Any CPU
		{F37BCB82-2BFB-DB33-94FF-C4F05004101F}.Debug|Any CPU.Build.0 = Debug|Any CPU
		{F37BCB82-2BFB-DB33-94FF-C4F05004101F}.Release|Any CPU.ActiveCfg = Release|Any CPU
		{F37BCB82-2BFB-DB33-94FF-C4F05004101F}.Release|Any CPU.Build.0 = Release|Any CPU
		{3E6F3C66-1A68-1C22-80C5-671E254A6E72}.Debug|Any CPU.ActiveCfg = Debug|Any CPU
		{3E6F3C66-1A68-1C22-80C5-671E254A6E72}.Debug|Any CPU.Build.0 = Debug|Any CPU
		{3E6F3C66-1A68-1C22-80C5-671E254A6E72}.Release|Any CPU.ActiveCfg = Release|Any CPU
		{3E6F3C66-1A68-1C22-80C5-671E254A6E72}.Release|Any CPU.Build.0 = Release|Any CPU
	EndGlobalSection
	GlobalSection(SolutionProperties) = preSolution
		HideSolutionNode = FALSE
	EndGlobalSection
	GlobalSection(NestedProjects) = preSolution
		{3E6F3C66-1A68-1C22-80C5-671E254A6E72} = {02EA681E-C7D8-13C7-8484-4AC65E1B71E8}
	EndGlobalSection
	GlobalSection(ExtensibilityGlobals) = postSolution
		SolutionGuid = {996FA676-35A3-462D-99AF-9450FE79ACF0}
	EndGlobalSection
EndGlobal
